{
    "name": "HelloAlios",
    "version": "1.0.0",
    "lockfileVersion": 1,
    "requires": true,
    "dependencies": {
        "@ali/caf-types": {
            "version": "file:D:/Alios/sdk/types/api/caf/level-5/ivi/AS22L/ali-caf-types-5.0.0.tgz",
            "integrity": "sha512-RkJ9PSuemqQM5nW5xTCLE354szFuMPlBWNsKdaNzo5sWcdGegQdGMqkOr/nT2ZvwxMzlXR6tacw/ulBLot76IA==",
            "dev": true
        },
        "@banma/hdt-ui-types": {
            "version": "file:D:/Alios/sdk/types/api/hdt-ui/level-5/ivi/AS22L/banma-hdt-ui-types-2.0.85.tgz",
            "integrity": "sha512-GV0dMJJ0uBv3vh76e4CLBktCnQF771CV17AQasgtNKLo/ffl3MF/9RKPG1bIBA78V0p2H3Fru+BpPVo+h+d/5Q==",
            "dev": true
        },
        "rxjs": {
            "version": "6.6.3",
            "resolved": "https://registry.npm.taobao.org/rxjs/download/rxjs-6.6.3.tgz?cache=0&sync_timestamp=1614459343120&other_urls=https%3A%2F%2Fregistry.npm.taobao.org%2Frxjs%2Fdownload%2Frxjs-6.6.3.tgz",
            "integrity": "sha1-jKhGNcTaqQDA05Z6buesYCce5VI=",
            "requires": {
                "tslib": "^1.9.0"
            }
        },
        "tslib": {
            "version": "1.14.1",
            "resolved": "https://registry.npm.taobao.org/tslib/download/tslib-1.14.1.tgz?cache=0&sync_timestamp=1609887581211&other_urls=https%3A%2F%2Fregistry.npm.taobao.org%2Ftslib%2Fdownload%2Ftslib-1.14.1.tgz",
            "integrity": "sha1-zy04vcNKE0vK8QkcQfZhni9nLQA="
        }
    }
}
